
Microsoft Visual Studio Solution File, Format Version 12.00
# Visual Studio 15
VisualStudioVersion = 15.0.26124.0
MinimumVisualStudioVersion = 15.0.26124.0
Project("{9A19103F-16F7-4668-BE54-9A1E7A4F7556}") = "FinPort.Api", "ApiServer\FinPort.Api\FinPort.Api.csproj", "{C3F04548-ADB8-4934-98B7-E01FC87F88ED}"
EndProject
Project("{9A19103F-16F7-4668-BE54-9A1E7A4F7556}") = "bll.apifinport", "bll.apifinport\bll.apifinport.csproj", "{1B1585E9-15E8-4E9C-B06E-74604B1E1F26}"
EndProject
Project("{9A19103F-16F7-4668-BE54-9A1E7A4F7556}") = "dal.apifinport", "dal.apifinport\dal.apifinport.csproj", "{DB819C98-D60A-4796-87BE-58BD6E6A322B}"
EndProject
Project("{9A19103F-16F7-4668-BE54-9A1E7A4F7556}") = "pjtest.apifinport", "pjtest.apifinport\pjtest.apifinport.csproj", "{0DA79D0A-E1D6-4709-8215-D5F69D92C3E7}"
EndProject
Project("{9A19103F-16F7-4668-BE54-9A1E7A4F7556}") = "WebApplication1", "WebApplication1\WebApplication1.csproj", "{607D9C56-6C14-422E-A0D1-BB19A7AB1F1C}"
EndProject
Project("{2150E333-8FDC-42A3-9474-1A3956D46DE8}") = "ApiServer", "ApiServer", "{DA720083-DF2C-4766-A2A0-B2247F134E70}"
EndProject
Project("{2150E333-8FDC-42A3-9474-1A3956D46DE8}") = "Libraries", "Libraries", "{53A9DEEA-E115-49BC-AC5E-8567A19780B8}"
EndProject
Project("{FAE04EC0-301F-11D3-BF4B-00C04F79EFBC}") = "FinPort.Data", "Libraries\FinPort.Data\FinPort.Data.csproj", "{6558B4AF-B724-4137-BAF7-A7D4FE9C0623}"
EndProject
Project("{FAE04EC0-301F-11D3-BF4B-00C04F79EFBC}") = "FinPort.Core", "Libraries\FinPort.Core\FinPort.Core.csproj", "{88D8CC05-5CE6-4D07-AFC5-F9AF70620EA2}"
EndProject
Project("{FAE04EC0-301F-11D3-BF4B-00C04F79EFBC}") = "FinPort.Services", "Libraries\FinPort.Services\FinPort.Services.csproj", "{90CD57E9-2E24-4466-9D71-519E378C66D2}"
EndProject
Project("{2150E333-8FDC-42A3-9474-1A3956D46DE8}") = "Tests", "Tests", "{AD4E5062-FBAD-412C-B5E7-FB35AB886FE0}"
EndProject
Project("{FAE04EC0-301F-11D3-BF4B-00C04F79EFBC}") = "FinPort.Service.Tests", "Tests\FinPort.Service.Tests\FinPort.Service.Tests.csproj", "{2C8367A2-D81E-4503-BBF5-2420FDDB7DC2}"
EndProject
Global
	GlobalSection(SolutionConfigurationPlatforms) = preSolution
		Debug|Any CPU = Debug|Any CPU
		Debug|x64 = Debug|x64
		Debug|x86 = Debug|x86
		Release|Any CPU = Release|Any CPU
		Release|x64 = Release|x64
		Release|x86 = Release|x86
	EndGlobalSection
	GlobalSection(ProjectConfigurationPlatforms) = postSolution
		{C3F04548-ADB8-4934-98B7-E01FC87F88ED}.Debug|Any CPU.ActiveCfg = Debug|Any CPU
		{C3F04548-ADB8-4934-98B7-E01FC87F88ED}.Debug|Any CPU.Build.0 = Debug|Any CPU
		{C3F04548-ADB8-4934-98B7-E01FC87F88ED}.Debug|x64.ActiveCfg = Debug|Any CPU
		{C3F04548-ADB8-4934-98B7-E01FC87F88ED}.Debug|x64.Build.0 = Debug|Any CPU
		{C3F04548-ADB8-4934-98B7-E01FC87F88ED}.Debug|x86.ActiveCfg = Debug|Any CPU
		{C3F04548-ADB8-4934-98B7-E01FC87F88ED}.Debug|x86.Build.0 = Debug|Any CPU
		{C3F04548-ADB8-4934-98B7-E01FC87F88ED}.Release|Any CPU.ActiveCfg = Release|Any CPU
		{C3F04548-ADB8-4934-98B7-E01FC87F88ED}.Release|Any CPU.Build.0 = Release|Any CPU
		{C3F04548-ADB8-4934-98B7-E01FC87F88ED}.Release|x64.ActiveCfg = Release|Any CPU
		{C3F04548-ADB8-4934-98B7-E01FC87F88ED}.Release|x64.Build.0 = Release|Any CPU
		{C3F04548-ADB8-4934-98B7-E01FC87F88ED}.Release|x86.ActiveCfg = Release|Any CPU
		{C3F04548-ADB8-4934-98B7-E01FC87F88ED}.Release|x86.Build.0 = Release|Any CPU
		{1B1585E9-15E8-4E9C-B06E-74604B1E1F26}.Debug|Any CPU.ActiveCfg = Debug|Any CPU
		{1B1585E9-15E8-4E9C-B06E-74604B1E1F26}.Debug|Any CPU.Build.0 = Debug|Any CPU
		{1B1585E9-15E8-4E9C-B06E-74604B1E1F26}.Debug|x64.ActiveCfg = Debug|Any CPU
		{1B1585E9-15E8-4E9C-B06E-74604B1E1F26}.Debug|x64.Build.0 = Debug|Any CPU
		{1B1585E9-15E8-4E9C-B06E-74604B1E1F26}.Debug|x86.ActiveCfg = Debug|Any CPU
		{1B1585E9-15E8-4E9C-B06E-74604B1E1F26}.Debug|x86.Build.0 = Debug|Any CPU
		{1B1585E9-15E8-4E9C-B06E-74604B1E1F26}.Release|Any CPU.ActiveCfg = Release|Any CPU
		{1B1585E9-15E8-4E9C-B06E-74604B1E1F26}.Release|Any CPU.Build.0 = Release|Any CPU
		{1B1585E9-15E8-4E9C-B06E-74604B1E1F26}.Release|x64.ActiveCfg = Release|Any CPU
		{1B1585E9-15E8-4E9C-B06E-74604B1E1F26}.Release|x64.Build.0 = Release|Any CPU
		{1B1585E9-15E8-4E9C-B06E-74604B1E1F26}.Release|x86.ActiveCfg = Release|Any CPU
		{1B1585E9-15E8-4E9C-B06E-74604B1E1F26}.Release|x86.Build.0 = Release|Any CPU
		{DB819C98-D60A-4796-87BE-58BD6E6A322B}.Debug|Any CPU.ActiveCfg = Debug|Any CPU
		{DB819C98-D60A-4796-87BE-58BD6E6A322B}.Debug|Any CPU.Build.0 = Debug|Any CPU
		{DB819C98-D60A-4796-87BE-58BD6E6A322B}.Debug|x64.ActiveCfg = Debug|Any CPU
		{DB819C98-D60A-4796-87BE-58BD6E6A322B}.Debug|x64.Build.0 = Debug|Any CPU
		{DB819C98-D60A-4796-87BE-58BD6E6A322B}.Debug|x86.ActiveCfg = Debug|Any CPU
		{DB819C98-D60A-4796-87BE-58BD6E6A322B}.Debug|x86.Build.0 = Debug|Any CPU
		{DB819C98-D60A-4796-87BE-58BD6E6A322B}.Release|Any CPU.ActiveCfg = Release|Any CPU
		{DB819C98-D60A-4796-87BE-58BD6E6A322B}.Release|Any CPU.Build.0 = Release|Any CPU
		{DB819C98-D60A-4796-87BE-58BD6E6A322B}.Release|x64.ActiveCfg = Release|Any CPU
		{DB819C98-D60A-4796-87BE-58BD6E6A322B}.Release|x64.Build.0 = Release|Any CPU
		{DB819C98-D60A-4796-87BE-58BD6E6A322B}.Release|x86.ActiveCfg = Release|Any CPU
		{DB819C98-D60A-4796-87BE-58BD6E6A322B}.Release|x86.Build.0 = Release|Any CPU
		{0DA79D0A-E1D6-4709-8215-D5F69D92C3E7}.Debug|Any CPU.ActiveCfg = Debug|Any CPU
		{0DA79D0A-E1D6-4709-8215-D5F69D92C3E7}.Debug|Any CPU.Build.0 = Debug|Any CPU
		{0DA79D0A-E1D6-4709-8215-D5F69D92C3E7}.Debug|x64.ActiveCfg = Debug|Any CPU
		{0DA79D0A-E1D6-4709-8215-D5F69D92C3E7}.Debug|x64.Build.0 = Debug|Any CPU
		{0DA79D0A-E1D6-4709-8215-D5F69D92C3E7}.Debug|x86.ActiveCfg = Debug|Any CPU
		{0DA79D0A-E1D6-4709-8215-D5F69D92C3E7}.Debug|x86.Build.0 = Debug|Any CPU
		{0DA79D0A-E1D6-4709-8215-D5F69D92C3E7}.Release|Any CPU.ActiveCfg = Release|Any CPU
		{0DA79D0A-E1D6-4709-8215-D5F69D92C3E7}.Release|Any CPU.Build.0 = Release|Any CPU
		{0DA79D0A-E1D6-4709-8215-D5F69D92C3E7}.Release|x64.ActiveCfg = Release|Any CPU
		{0DA79D0A-E1D6-4709-8215-D5F69D92C3E7}.Release|x64.Build.0 = Release|Any CPU
		{0DA79D0A-E1D6-4709-8215-D5F69D92C3E7}.Release|x86.ActiveCfg = Release|Any CPU
		{0DA79D0A-E1D6-4709-8215-D5F69D92C3E7}.Release|x86.Build.0 = Release|Any CPU
		{607D9C56-6C14-422E-A0D1-BB19A7AB1F1C}.Debug|Any CPU.ActiveCfg = Debug|Any CPU
		{607D9C56-6C14-422E-A0D1-BB19A7AB1F1C}.Debug|Any CPU.Build.0 = Debug|Any CPU
		{607D9C56-6C14-422E-A0D1-BB19A7AB1F1C}.Debug|x64.ActiveCfg = Debug|Any CPU
		{607D9C56-6C14-422E-A0D1-BB19A7AB1F1C}.Debug|x64.Build.0 = Debug|Any CPU
		{607D9C56-6C14-422E-A0D1-BB19A7AB1F1C}.Debug|x86.ActiveCfg = Debug|Any CPU
		{607D9C56-6C14-422E-A0D1-BB19A7AB1F1C}.Debug|x86.Build.0 = Debug|Any CPU
		{607D9C56-6C14-422E-A0D1-BB19A7AB1F1C}.Release|Any CPU.ActiveCfg = Release|Any CPU
		{607D9C56-6C14-422E-A0D1-BB19A7AB1F1C}.Release|Any CPU.Build.0 = Release|Any CPU
		{607D9C56-6C14-422E-A0D1-BB19A7AB1F1C}.Release|x64.ActiveCfg = Release|Any CPU
		{607D9C56-6C14-422E-A0D1-BB19A7AB1F1C}.Release|x64.Build.0 = Release|Any CPU
		{607D9C56-6C14-422E-A0D1-BB19A7AB1F1C}.Release|x86.ActiveCfg = Release|Any CPU
		{607D9C56-6C14-422E-A0D1-BB19A7AB1F1C}.Release|x86.Build.0 = Release|Any CPU
		{6558B4AF-B724-4137-BAF7-A7D4FE9C0623}.Debug|Any CPU.ActiveCfg = Debug|Any CPU
		{6558B4AF-B724-4137-BAF7-A7D4FE9C0623}.Debug|Any CPU.Build.0 = Debug|Any CPU
		{6558B4AF-B724-4137-BAF7-A7D4FE9C0623}.Debug|x64.ActiveCfg = Debug|Any CPU
		{6558B4AF-B724-4137-BAF7-A7D4FE9C0623}.Debug|x64.Build.0 = Debug|Any CPU
		{6558B4AF-B724-4137-BAF7-A7D4FE9C0623}.Debug|x86.ActiveCfg = Debug|Any CPU
		{6558B4AF-B724-4137-BAF7-A7D4FE9C0623}.Debug|x86.Build.0 = Debug|Any CPU
		{6558B4AF-B724-4137-BAF7-A7D4FE9C0623}.Release|Any CPU.ActiveCfg = Release|Any CPU
		{6558B4AF-B724-4137-BAF7-A7D4FE9C0623}.Release|Any CPU.Build.0 = Release|Any CPU
		{6558B4AF-B724-4137-BAF7-A7D4FE9C0623}.Release|x64.ActiveCfg = Release|Any CPU
		{6558B4AF-B724-4137-BAF7-A7D4FE9C0623}.Release|x64.Build.0 = Release|Any CPU
		{6558B4AF-B724-4137-BAF7-A7D4FE9C0623}.Release|x86.ActiveCfg = Release|Any CPU
		{6558B4AF-B724-4137-BAF7-A7D4FE9C0623}.Release|x86.Build.0 = Release|Any CPU
		{88D8CC05-5CE6-4D07-AFC5-F9AF70620EA2}.Debug|Any CPU.ActiveCfg = Debug|Any CPU
		{88D8CC05-5CE6-4D07-AFC5-F9AF70620EA2}.Debug|Any CPU.Build.0 = Debug|Any CPU
		{88D8CC05-5CE6-4D07-AFC5-F9AF70620EA2}.Debug|x64.ActiveCfg = Debug|Any CPU
		{88D8CC05-5CE6-4D07-AFC5-F9AF70620EA2}.Debug|x64.Build.0 = Debug|Any CPU
		{88D8CC05-5CE6-4D07-AFC5-F9AF70620EA2}.Debug|x86.ActiveCfg = Debug|Any CPU
		{88D8CC05-5CE6-4D07-AFC5-F9AF70620EA2}.Debug|x86.Build.0 = Debug|Any CPU
		{88D8CC05-5CE6-4D07-AFC5-F9AF70620EA2}.Release|Any CPU.ActiveCfg = Release|Any CPU
		{88D8CC05-5CE6-4D07-AFC5-F9AF70620EA2}.Release|Any CPU.Build.0 = Release|Any CPU
		{88D8CC05-5CE6-4D07-AFC5-F9AF70620EA2}.Release|x64.ActiveCfg = Release|Any CPU
		{88D8CC05-5CE6-4D07-AFC5-F9AF70620EA2}.Release|x64.Build.0 = Release|Any CPU
		{88D8CC05-5CE6-4D07-AFC5-F9AF70620EA2}.Release|x86.ActiveCfg = Release|Any CPU
		{88D8CC05-5CE6-4D07-AFC5-F9AF70620EA2}.Release|x86.Build.0 = Release|Any CPU
		{90CD57E9-2E24-4466-9D71-519E378C66D2}.Debug|Any CPU.ActiveCfg = Debug|Any CPU
		{90CD57E9-2E24-4466-9D71-519E378C66D2}.Debug|Any CPU.Build.0 = Debug|Any CPU
		{90CD57E9-2E24-4466-9D71-519E378C66D2}.Debug|x64.ActiveCfg = Debug|Any CPU
		{90CD57E9-2E24-4466-9D71-519E378C66D2}.Debug|x64.Build.0 = Debug|Any CPU
		{90CD57E9-2E24-4466-9D71-519E378C66D2}.Debug|x86.ActiveCfg = Debug|Any CPU
		{90CD57E9-2E24-4466-9D71-519E378C66D2}.Debug|x86.Build.0 = Debug|Any CPU
		{90CD57E9-2E24-4466-9D71-519E378C66D2}.Release|Any CPU.ActiveCfg = Release|Any CPU
		{90CD57E9-2E24-4466-9D71-519E378C66D2}.Release|Any CPU.Build.0 = Release|Any CPU
		{90CD57E9-2E24-4466-9D71-519E378C66D2}.Release|x64.ActiveCfg = Release|Any CPU
		{90CD57E9-2E24-4466-9D71-519E378C66D2}.Release|x64.Build.0 = Release|Any CPU
		{90CD57E9-2E24-4466-9D71-519E378C66D2}.Release|x86.ActiveCfg = Release|Any CPU
		{90CD57E9-2E24-4466-9D71-519E378C66D2}.Release|x86.Build.0 = Release|Any CPU
		{2C8367A2-D81E-4503-BBF5-2420FDDB7DC2}.Debug|Any CPU.ActiveCfg = Debug|Any CPU
		{2C8367A2-D81E-4503-BBF5-2420FDDB7DC2}.Debug|Any CPU.Build.0 = Debug|Any CPU
		{2C8367A2-D81E-4503-BBF5-2420FDDB7DC2}.Debug|x64.ActiveCfg = Debug|Any CPU
		{2C8367A2-D81E-4503-BBF5-2420FDDB7DC2}.Debug|x64.Build.0 = Debug|Any CPU
		{2C8367A2-D81E-4503-BBF5-2420FDDB7DC2}.Debug|x86.ActiveCfg = Debug|Any CPU
		{2C8367A2-D81E-4503-BBF5-2420FDDB7DC2}.Debug|x86.Build.0 = Debug|Any CPU
		{2C8367A2-D81E-4503-BBF5-2420FDDB7DC2}.Release|Any CPU.ActiveCfg = Release|Any CPU
		{2C8367A2-D81E-4503-BBF5-2420FDDB7DC2}.Release|Any CPU.Build.0 = Release|Any CPU
		{2C8367A2-D81E-4503-BBF5-2420FDDB7DC2}.Release|x64.ActiveCfg = Release|Any CPU
		{2C8367A2-D81E-4503-BBF5-2420FDDB7DC2}.Release|x64.Build.0 = Release|Any CPU
		{2C8367A2-D81E-4503-BBF5-2420FDDB7DC2}.Release|x86.ActiveCfg = Release|Any CPU
		{2C8367A2-D81E-4503-BBF5-2420FDDB7DC2}.Release|x86.Build.0 = Release|Any CPU
	EndGlobalSection
	GlobalSection(SolutionProperties) = preSolution
		HideSolutionNode = FALSE
	EndGlobalSection
	GlobalSection(NestedProjects) = preSolution
		{C3F04548-ADB8-4934-98B7-E01FC87F88ED} = {DA720083-DF2C-4766-A2A0-B2247F134E70}
		{6558B4AF-B724-4137-BAF7-A7D4FE9C0623} = {53A9DEEA-E115-49BC-AC5E-8567A19780B8}
		{88D8CC05-5CE6-4D07-AFC5-F9AF70620EA2} = {53A9DEEA-E115-49BC-AC5E-8567A19780B8}
		{90CD57E9-2E24-4466-9D71-519E378C66D2} = {53A9DEEA-E115-49BC-AC5E-8567A19780B8}
		{2C8367A2-D81E-4503-BBF5-2420FDDB7DC2} = {AD4E5062-FBAD-412C-B5E7-FB35AB886FE0}
	EndGlobalSection
	GlobalSection(ExtensibilityGlobals) = postSolution
		SolutionGuid = {437C84AA-2DE6-4E1A-90F9-7749C890814A}
	EndGlobalSection
EndGlobal
